
Microsoft Visual Studio Solution File, Format Version 12.00
# Visual Studio Version 17
VisualStudioVersion = 17.14.36203.30
MinimumVisualStudioVersion = 10.0.40219.1
Project("{FAE04EC0-301F-11D3-BF4B-00C04F79EFBC}") = "SwagLab", "SwagLab\SwagLab.csproj", "{69884C6C-CF32-4448-BF31-573DE42AE499}"
EndProject
Project("{FAE04EC0-301F-11D3-BF4B-00C04F79EFBC}") = "PageObject.Test", "PageObject.Test\PageObject.Test.csproj", "{EF59F7EC-9DA6-4592-93C8-40C1B956AC98}"
EndProject
Global
	GlobalSection(SolutionConfigurationPlatforms) = preSolution
		Debug|Any CPU = Debug|Any CPU
		Debug|x64 = Debug|x64
		Debug|x86 = Debug|x86
		Release|Any CPU = Release|Any CPU
		Release|x64 = Release|x64
		Release|x86 = Release|x86
	EndGlobalSection
	GlobalSection(ProjectConfigurationPlatforms) = postSolution
		{69884C6C-CF32-4448-BF31-573DE42AE499}.Debug|Any CPU.ActiveCfg = Debug|Any CPU
		{69884C6C-CF32-4448-BF31-573DE42AE499}.Debug|Any CPU.Build.0 = Debug|Any CPU
		{69884C6C-CF32-4448-BF31-573DE42AE499}.Debug|x64.ActiveCfg = Debug|Any CPU
		{69884C6C-CF32-4448-BF31-573DE42AE499}.Debug|x64.Build.0 = Debug|Any CPU
		{69884C6C-CF32-4448-BF31-573DE42AE499}.Debug|x86.ActiveCfg = Debug|Any CPU
		{69884C6C-CF32-4448-BF31-573DE42AE499}.Debug|x86.Build.0 = Debug|Any CPU
		{69884C6C-CF32-4448-BF31-573DE42AE499}.Release|Any CPU.ActiveCfg = Release|Any CPU
		{69884C6C-CF32-4448-BF31-573DE42AE499}.Release|Any CPU.Build.0 = Release|Any CPU
		{69884C6C-CF32-4448-BF31-573DE42AE499}.Release|x64.ActiveCfg = Release|Any CPU
		{69884C6C-CF32-4448-BF31-573DE42AE499}.Release|x64.Build.0 = Release|Any CPU
		{69884C6C-CF32-4448-BF31-573DE42AE499}.Release|x86.ActiveCfg = Release|Any CPU
		{69884C6C-CF32-4448-BF31-573DE42AE499}.Release|x86.Build.0 = Release|Any CPU
		{EF59F7EC-9DA6-4592-93C8-40C1B956AC98}.Debug|Any CPU.ActiveCfg = Debug|Any CPU
		{EF59F7EC-9DA6-4592-93C8-40C1B956AC98}.Debug|Any CPU.Build.0 = Debug|Any CPU
		{EF59F7EC-9DA6-4592-93C8-40C1B956AC98}.Debug|x64.ActiveCfg = Debug|Any CPU
		{EF59F7EC-9DA6-4592-93C8-40C1B956AC98}.Debug|x64.Build.0 = Debug|Any CPU
		{EF59F7EC-9DA6-4592-93C8-40C1B956AC98}.Debug|x86.ActiveCfg = Debug|Any CPU
		{EF59F7EC-9DA6-4592-93C8-40C1B956AC98}.Debug|x86.Build.0 = Debug|Any CPU
		{EF59F7EC-9DA6-4592-93C8-40C1B956AC98}.Release|Any CPU.ActiveCfg = Release|Any CPU
		{EF59F7EC-9DA6-4592-93C8-40C1B956AC98}.Release|Any CPU.Build.0 = Release|Any CPU
		{EF59F7EC-9DA6-4592-93C8-40C1B956AC98}.Release|x64.ActiveCfg = Release|Any CPU
		{EF59F7EC-9DA6-4592-93C8-40C1B956AC98}.Release|x64.Build.0 = Release|Any CPU
		{EF59F7EC-9DA6-4592-93C8-40C1B956AC98}.Release|x86.ActiveCfg = Release|Any CPU
		{EF59F7EC-9DA6-4592-93C8-40C1B956AC98}.Release|x86.Build.0 = Release|Any CPU
	EndGlobalSection
	GlobalSection(SolutionProperties) = preSolution
		HideSolutionNode = FALSE
	EndGlobalSection
	GlobalSection(ExtensibilityGlobals) = postSolution
		SolutionGuid = {A9E31F72-41DE-48F3-BFA2-EF62DFDE8BEF}
	EndGlobalSection
EndGlobal
